
Microsoft Visual Studio Solution File, Format Version 12.00
# Visual Studio 14
VisualStudioVersion = 14.0.24720.0
MinimumVisualStudioVersion = 10.0.40219.1
Project("{FAE04EC0-301F-11D3-BF4B-00C04F79EFBC}") = "EF_Model", "EF_Model\EF_Model.csproj", "{A2243F6A-719B-4875-9708-5D1C221FE4C4}"
EndProject
Project("{FAE04EC0-301F-11D3-BF4B-00C04F79EFBC}") = "EF_Context", "EF_Context\EF_Context.csproj", "{C3ED031F-1708-4DAF-8A89-25B7C1E6C6AA}"
EndProject
Project("{FAE04EC0-301F-11D3-BF4B-00C04F79EFBC}") = "PL_WPF", "PL_WPF\PL_WPF.csproj", "{06E6E466-6C04-471B-8B57-EFBAA32F40D4}"
EndProject
Project("{FAE04EC0-301F-11D3-BF4B-00C04F79EFBC}") = "DAL_Repository", "DAL_Repository\DAL_Repository.csproj", "{06AF6C31-950E-42AC-A4C5-774B1F679BBE}"
EndProject
Project("{6141683F-8A12-4E36-9623-2EB02B2C2303}") = "Setup", "Setup\Setup.isproj", "{F7C4F0A6-D56A-4879-819A-5FCF62AB9487}"
	ProjectSection(ProjectDependencies) = postProject
		{C3ED031F-1708-4DAF-8A89-25B7C1E6C6AA} = {C3ED031F-1708-4DAF-8A89-25B7C1E6C6AA}
		{06AF6C31-950E-42AC-A4C5-774B1F679BBE} = {06AF6C31-950E-42AC-A4C5-774B1F679BBE}
		{06E6E466-6C04-471B-8B57-EFBAA32F40D4} = {06E6E466-6C04-471B-8B57-EFBAA32F40D4}
		{A2243F6A-719B-4875-9708-5D1C221FE4C4} = {A2243F6A-719B-4875-9708-5D1C221FE4C4}
	EndProjectSection
EndProject
Global
	GlobalSection(SolutionConfigurationPlatforms) = preSolution
		CD_ROM|Any CPU = CD_ROM|Any CPU
		Debug|Any CPU = Debug|Any CPU
		DVD-5|Any CPU = DVD-5|Any CPU
		Release|Any CPU = Release|Any CPU
		SingleImage|Any CPU = SingleImage|Any CPU
	EndGlobalSection
	GlobalSection(ProjectConfigurationPlatforms) = postSolution
		{A2243F6A-719B-4875-9708-5D1C221FE4C4}.CD_ROM|Any CPU.ActiveCfg = Release|Any CPU
		{A2243F6A-719B-4875-9708-5D1C221FE4C4}.CD_ROM|Any CPU.Build.0 = Release|Any CPU
		{A2243F6A-719B-4875-9708-5D1C221FE4C4}.Debug|Any CPU.ActiveCfg = Debug|Any CPU
		{A2243F6A-719B-4875-9708-5D1C221FE4C4}.Debug|Any CPU.Build.0 = Debug|Any CPU
		{A2243F6A-719B-4875-9708-5D1C221FE4C4}.DVD-5|Any CPU.ActiveCfg = Debug|Any CPU
		{A2243F6A-719B-4875-9708-5D1C221FE4C4}.DVD-5|Any CPU.Build.0 = Debug|Any CPU
		{A2243F6A-719B-4875-9708-5D1C221FE4C4}.Release|Any CPU.ActiveCfg = Release|Any CPU
		{A2243F6A-719B-4875-9708-5D1C221FE4C4}.Release|Any CPU.Build.0 = Release|Any CPU
		{A2243F6A-719B-4875-9708-5D1C221FE4C4}.SingleImage|Any CPU.ActiveCfg = Release|Any CPU
		{A2243F6A-719B-4875-9708-5D1C221FE4C4}.SingleImage|Any CPU.Build.0 = Release|Any CPU
		{C3ED031F-1708-4DAF-8A89-25B7C1E6C6AA}.CD_ROM|Any CPU.ActiveCfg = Release|Any CPU
		{C3ED031F-1708-4DAF-8A89-25B7C1E6C6AA}.CD_ROM|Any CPU.Build.0 = Release|Any CPU
		{C3ED031F-1708-4DAF-8A89-25B7C1E6C6AA}.Debug|Any CPU.ActiveCfg = Debug|Any CPU
		{C3ED031F-1708-4DAF-8A89-25B7C1E6C6AA}.Debug|Any CPU.Build.0 = Debug|Any CPU
		{C3ED031F-1708-4DAF-8A89-25B7C1E6C6AA}.DVD-5|Any CPU.ActiveCfg = Debug|Any CPU
		{C3ED031F-1708-4DAF-8A89-25B7C1E6C6AA}.DVD-5|Any CPU.Build.0 = Debug|Any CPU
		{C3ED031F-1708-4DAF-8A89-25B7C1E6C6AA}.Release|Any CPU.ActiveCfg = Release|Any CPU
		{C3ED031F-1708-4DAF-8A89-25B7C1E6C6AA}.Release|Any CPU.Build.0 = Release|Any CPU
		{C3ED031F-1708-4DAF-8A89-25B7C1E6C6AA}.SingleImage|Any CPU.ActiveCfg = Release|Any CPU
		{C3ED031F-1708-4DAF-8A89-25B7C1E6C6AA}.SingleImage|Any CPU.Build.0 = Release|Any CPU
		{06E6E466-6C04-471B-8B57-EFBAA32F40D4}.CD_ROM|Any CPU.ActiveCfg = Release|Any CPU
		{06E6E466-6C04-471B-8B57-EFBAA32F40D4}.CD_ROM|Any CPU.Build.0 = Release|Any CPU
		{06E6E466-6C04-471B-8B57-EFBAA32F40D4}.Debug|Any CPU.ActiveCfg = Debug|Any CPU
		{06E6E466-6C04-471B-8B57-EFBAA32F40D4}.Debug|Any CPU.Build.0 = Debug|Any CPU
		{06E6E466-6C04-471B-8B57-EFBAA32F40D4}.DVD-5|Any CPU.ActiveCfg = Debug|Any CPU
		{06E6E466-6C04-471B-8B57-EFBAA32F40D4}.DVD-5|Any CPU.Build.0 = Debug|Any CPU
		{06E6E466-6C04-471B-8B57-EFBAA32F40D4}.Release|Any CPU.ActiveCfg = Release|Any CPU
		{06E6E466-6C04-471B-8B57-EFBAA32F40D4}.Release|Any CPU.Build.0 = Release|Any CPU
		{06E6E466-6C04-471B-8B57-EFBAA32F40D4}.SingleImage|Any CPU.ActiveCfg = Release|Any CPU
		{06E6E466-6C04-471B-8B57-EFBAA32F40D4}.SingleImage|Any CPU.Build.0 = Release|Any CPU
		{06AF6C31-950E-42AC-A4C5-774B1F679BBE}.CD_ROM|Any CPU.ActiveCfg = Release|Any CPU
		{06AF6C31-950E-42AC-A4C5-774B1F679BBE}.CD_ROM|Any CPU.Build.0 = Release|Any CPU
		{06AF6C31-950E-42AC-A4C5-774B1F679BBE}.Debug|Any CPU.ActiveCfg = Debug|Any CPU
		{06AF6C31-950E-42AC-A4C5-774B1F679BBE}.Debug|Any CPU.Build.0 = Debug|Any CPU
		{06AF6C31-950E-42AC-A4C5-774B1F679BBE}.DVD-5|Any CPU.ActiveCfg = Debug|Any CPU
		{06AF6C31-950E-42AC-A4C5-774B1F679BBE}.DVD-5|Any CPU.Build.0 = Debug|Any CPU
		{06AF6C31-950E-42AC-A4C5-774B1F679BBE}.Release|Any CPU.ActiveCfg = Release|Any CPU
		{06AF6C31-950E-42AC-A4C5-774B1F679BBE}.Release|Any CPU.Build.0 = Release|Any CPU
		{06AF6C31-950E-42AC-A4C5-774B1F679BBE}.SingleImage|Any CPU.ActiveCfg = Release|Any CPU
		{06AF6C31-950E-42AC-A4C5-774B1F679BBE}.SingleImage|Any CPU.Build.0 = Release|Any CPU
		{F7C4F0A6-D56A-4879-819A-5FCF62AB9487}.CD_ROM|Any CPU.ActiveCfg = CD_ROM
		{F7C4F0A6-D56A-4879-819A-5FCF62AB9487}.CD_ROM|Any CPU.Build.0 = CD_ROM
		{F7C4F0A6-D56A-4879-819A-5FCF62AB9487}.Debug|Any CPU.ActiveCfg = DVD-5
		{F7C4F0A6-D56A-4879-819A-5FCF62AB9487}.Debug|Any CPU.Build.0 = DVD-5
		{F7C4F0A6-D56A-4879-819A-5FCF62AB9487}.DVD-5|Any CPU.ActiveCfg = DVD-5
		{F7C4F0A6-D56A-4879-819A-5FCF62AB9487}.DVD-5|Any CPU.Build.0 = DVD-5
		{F7C4F0A6-D56A-4879-819A-5FCF62AB9487}.Release|Any CPU.ActiveCfg = SingleImage
		{F7C4F0A6-D56A-4879-819A-5FCF62AB9487}.Release|Any CPU.Build.0 = SingleImage
		{F7C4F0A6-D56A-4879-819A-5FCF62AB9487}.SingleImage|Any CPU.ActiveCfg = SingleImage
		{F7C4F0A6-D56A-4879-819A-5FCF62AB9487}.SingleImage|Any CPU.Build.0 = SingleImage
	EndGlobalSection
	GlobalSection(SolutionProperties) = preSolution
		HideSolutionNode = FALSE
	EndGlobalSection
EndGlobal
